
Microsoft Visual Studio Solution File, Format Version 12.00
# Visual Studio 14
VisualStudioVersion = 14.0.25123.0
MinimumVisualStudioVersion = 10.0.40219.1
Project("{FAE04EC0-301F-11D3-BF4B-00C04F79EFBC}") = "SimpleDictionary", "SimpleDictionary\SimpleDictionary.csproj", "{FB86D813-8038-4A1E-8747-C299DCE50013}"
EndProject
Global
	GlobalSection(SolutionConfigurationPlatforms) = preSolution
		Debug|Any CPU = Debug|Any CPU
		Release|Any CPU = Release|Any CPU
	EndGlobalSection
	GlobalSection(ProjectConfigurationPlatforms) = postSolution
		{FB86D813-8038-4A1E-8747-C299DCE50013}.Debug|Any CPU.ActiveCfg = Debug|Any CPU
		{FB86D813-8038-4A1E-8747-C299DCE50013}.Debug|Any CPU.Build.0 = Debug|Any CPU
		{FB86D813-8038-4A1E-8747-C299DCE50013}.Debug|Any CPU.Deploy.0 = Debug|Any CPU
		{FB86D813-8038-4A1E-8747-C299DCE50013}.Release|Any CPU.ActiveCfg = Release|Any CPU
		{FB86D813-8038-4A1E-8747-C299DCE50013}.Release|Any CPU.Build.0 = Release|Any CPU
		{FB86D813-8038-4A1E-8747-C299DCE50013}.Release|Any CPU.Deploy.0 = Release|Any CPU
	EndGlobalSection
	GlobalSection(SolutionProperties) = preSolution
		HideSolutionNode = FALSE
	EndGlobalSection
EndGlobal
